// !$*UTF8*$!
{
	archiveVersion = 1;
	classes = {
	};
	objectVersion = 46;
	objects = {

/* Begin PBXBuildFile section */
		FA2EE1E61A1CB97E00E57EF5 /* BlueInterfaceController.swift in Sources */ = {isa = PBXBuildFile; fileRef = FA2EE1E51A1CB97E00E57EF5 /* BlueInterfaceController.swift */; };
		FA2EE1E81A1CB98E00E57EF5 /* RedInterfaceController.swift in Sources */ = {isa = PBXBuildFile; fileRef = FA2EE1E71A1CB98E00E57EF5 /* RedInterfaceController.swift */; };
		FAAAD0B91A1CB53500BD2ABA /* AppDelegate.swift in Sources */ = {isa = PBXBuildFile; fileRef = FAAAD0B81A1CB53500BD2ABA /* AppDelegate.swift */; };
		FAAAD0BB1A1CB53500BD2ABA /* ViewController.swift in Sources */ = {isa = PBXBuildFile; fileRef = FAAAD0BA1A1CB53500BD2ABA /* ViewController.swift */; };
		FAAAD0BE1A1CB53500BD2ABA /* Main.storyboard in Resources */ = {isa = PBXBuildFile; fileRef = FAAAD0BC1A1CB53500BD2ABA /* Main.storyboard */; };
		FAAAD0C01A1CB53500BD2ABA /* Images.xcassets in Resources */ = {isa = PBXBuildFile; fileRef = FAAAD0BF1A1CB53500BD2ABA /* Images.xcassets */; };
		FAAAD0C31A1CB53500BD2ABA /* LaunchScreen.xib in Resources */ = {isa = PBXBuildFile; fileRef = FAAAD0C11A1CB53500BD2ABA /* LaunchScreen.xib */; };
		FAAAD0CF1A1CB53500BD2ABA /* WatchKitPageDemoTests.swift in Sources */ = {isa = PBXBuildFile; fileRef = FAAAD0CE1A1CB53500BD2ABA /* WatchKitPageDemoTests.swift */; };
		FAAAD0DF1A1CB53D00BD2ABA /* WatchKit.framework in Frameworks */ = {isa = PBXBuildFile; fileRef = FAAAD0DE1A1CB53D00BD2ABA /* WatchKit.framework */; };
		FAAAD0E51A1CB53D00BD2ABA /* InterfaceController.swift in Sources */ = {isa = PBXBuildFile; fileRef = FAAAD0E41A1CB53D00BD2ABA /* InterfaceController.swift */; };
		FAAAD0E91A1CB53D00BD2ABA /* Images.xcassets in Resources */ = {isa = PBXBuildFile; fileRef = FAAAD0E81A1CB53D00BD2ABA /* Images.xcassets */; };
		FAAAD0ED1A1CB53D00BD2ABA /* WatchKitPageDemo Watch App.app in Resources */ = {isa = PBXBuildFile; fileRef = FAAAD0EC1A1CB53D00BD2ABA /* WatchKitPageDemo Watch App.app */; };
		FAAAD0F41A1CB53D00BD2ABA /* Interface.storyboard in Resources */ = {isa = PBXBuildFile; fileRef = FAAAD0F31A1CB53D00BD2ABA /* Interface.storyboard */; };
		FAAAD0F61A1CB53D00BD2ABA /* Images.xcassets in Resources */ = {isa = PBXBuildFile; fileRef = FAAAD0F51A1CB53D00BD2ABA /* Images.xcassets */; };
		FAAAD0F91A1CB53D00BD2ABA /* WatchKitPageDemo WatchKit Extension.appex in Embed App Extensions */ = {isa = PBXBuildFile; fileRef = FAAAD0DC1A1CB53D00BD2ABA /* WatchKitPageDemo WatchKit Extension.appex */; settings = {ATTRIBUTES = (RemoveHeadersOnCopy, ); }; };
/* End PBXBuildFile section */

/* Begin PBXContainerItemProxy section */
		FAAAD0C91A1CB53500BD2ABA /* PBXContainerItemProxy */ = {
			isa = PBXContainerItemProxy;
			containerPortal = FAAAD0AB1A1CB53500BD2ABA /* Project object */;
			proxyType = 1;
			remoteGlobalIDString = FAAAD0B21A1CB53500BD2ABA;
			remoteInfo = WatchKitPageDemo;
		};
		FAAAD0EE1A1CB53D00BD2ABA /* PBXContainerItemProxy */ = {
			isa = PBXContainerItemProxy;
			containerPortal = FAAAD0AB1A1CB53500BD2ABA /* Project object */;
			proxyType = 1;
			remoteGlobalIDString = FAAAD0EB1A1CB53D00BD2ABA;
			remoteInfo = "WatchKitPageDemo Watch App";
		};
		FAAAD0F71A1CB53D00BD2ABA /* PBXContainerItemProxy */ = {
			isa = PBXContainerItemProxy;
			containerPortal = FAAAD0AB1A1CB53500BD2ABA /* Project object */;
			proxyType = 1;
			remoteGlobalIDString = FAAAD0DB1A1CB53D00BD2ABA;
			remoteInfo = "WatchKitPageDemo WatchKit Extension";
		};
/* End PBXContainerItemProxy section */

/* Begin PBXCopyFilesBuildPhase section */
		FAAAD1001A1CB53D00BD2ABA /* Embed App Extensions */ = {
			isa = PBXCopyFilesBuildPhase;
			buildActionMask = 2147483647;
			dstPath = "";
			dstSubfolderSpec = 13;
			files = (
				FAAAD0F91A1CB53D00BD2ABA /* WatchKitPageDemo WatchKit Extension.appex in Embed App Extensions */,
			);
			name = "Embed App Extensions";
			runOnlyForDeploymentPostprocessing = 0;
		};
/* End PBXCopyFilesBuildPhase section */

/* Begin PBXFileReference section */
		FA2EE1E51A1CB97E00E57EF5 /* BlueInterfaceController.swift */ = {isa = PBXFileReference; fileEncoding = 4; lastKnownFileType = sourcecode.swift; path = BlueInterfaceController.swift; sourceTree = "<group>"; };
		FA2EE1E71A1CB98E00E57EF5 /* RedInterfaceController.swift */ = {isa = PBXFileReference; fileEncoding = 4; lastKnownFileType = sourcecode.swift; path = RedInterfaceController.swift; sourceTree = "<group>"; };
		FAAAD0B31A1CB53500BD2ABA /* WatchKitPageDemo.app */ = {isa = PBXFileReference; explicitFileType = wrapper.application; includeInIndex = 0; path = WatchKitPageDemo.app; sourceTree = BUILT_PRODUCTS_DIR; };
		FAAAD0B71A1CB53500BD2ABA /* Info.plist */ = {isa = PBXFileReference; lastKnownFileType = text.plist.xml; path = Info.plist; sourceTree = "<group>"; };
		FAAAD0B81A1CB53500BD2ABA /* AppDelegate.swift */ = {isa = PBXFileReference; lastKnownFileType = sourcecode.swift; path = AppDelegate.swift; sourceTree = "<group>"; };
		FAAAD0BA1A1CB53500BD2ABA /* ViewController.swift */ = {isa = PBXFileReference; lastKnownFileType = sourcecode.swift; path = ViewController.swift; sourceTree = "<group>"; };
		FAAAD0BD1A1CB53500BD2ABA /* Base */ = {isa = PBXFileReference; lastKnownFileType = file.storyboard; name = Base; path = Base.lproj/Main.storyboard; sourceTree = "<group>"; };
		FAAAD0BF1A1CB53500BD2ABA /* Images.xcassets */ = {isa = PBXFileReference; lastKnownFileType = folder.assetcatalog; path = Images.xcassets; sourceTree = "<group>"; };
		FAAAD0C21A1CB53500BD2ABA /* Base */ = {isa = PBXFileReference; lastKnownFileType = file.xib; name = Base; path = Base.lproj/LaunchScreen.xib; sourceTree = "<group>"; };
		FAAAD0C81A1CB53500BD2ABA /* WatchKitPageDemoTests.xctest */ = {isa = PBXFileReference; explicitFileType = wrapper.cfbundle; includeInIndex = 0; path = WatchKitPageDemoTests.xctest; sourceTree = BUILT_PRODUCTS_DIR; };
		FAAAD0CD1A1CB53500BD2ABA /* Info.plist */ = {isa = PBXFileReference; lastKnownFileType = text.plist.xml; path = Info.plist; sourceTree = "<group>"; };
		FAAAD0CE1A1CB53500BD2ABA /* WatchKitPageDemoTests.swift */ = {isa = PBXFileReference; lastKnownFileType = sourcecode.swift; path = WatchKitPageDemoTests.swift; sourceTree = "<group>"; };
		FAAAD0DC1A1CB53D00BD2ABA /* WatchKitPageDemo WatchKit Extension.appex */ = {isa = PBXFileReference; explicitFileType = "wrapper.app-extension"; includeInIndex = 0; path = "WatchKitPageDemo WatchKit Extension.appex"; sourceTree = BUILT_PRODUCTS_DIR; };
		FAAAD0DE1A1CB53D00BD2ABA /* WatchKit.framework */ = {isa = PBXFileReference; lastKnownFileType = wrapper.framework; name = WatchKit.framework; path = System/Library/Frameworks/WatchKit.framework; sourceTree = SDKROOT; };
		FAAAD0E21A1CB53D00BD2ABA /* Info.plist */ = {isa = PBXFileReference; lastKnownFileType = text.plist.xml; path = Info.plist; sourceTree = "<group>"; };
		FAAAD0E31A1CB53D00BD2ABA /* PushNotificationPayload.json */ = {isa = PBXFileReference; lastKnownFileType = text.json; path = PushNotificationPayload.json; sourceTree = "<group>"; };
		FAAAD0E41A1CB53D00BD2ABA /* InterfaceController.swift */ = {isa = PBXFileReference; lastKnownFileType = sourcecode.swift; path = InterfaceController.swift; sourceTree = "<group>"; };
		FAAAD0E81A1CB53D00BD2ABA /* Images.xcassets */ = {isa = PBXFileReference; lastKnownFileType = folder.assetcatalog; path = Images.xcassets; sourceTree = "<group>"; };
		FAAAD0EC1A1CB53D00BD2ABA /* WatchKitPageDemo Watch App.app */ = {isa = PBXFileReference; explicitFileType = wrapper.application; includeInIndex = 0; path = "WatchKitPageDemo Watch App.app"; sourceTree = BUILT_PRODUCTS_DIR; };
		FAAAD0F21A1CB53D00BD2ABA /* Info.plist */ = {isa = PBXFileReference; lastKnownFileType = text.plist.xml; path = Info.plist; sourceTree = "<group>"; };
		FAAAD0F31A1CB53D00BD2ABA /* Interface.storyboard */ = {isa = PBXFileReference; lastKnownFileType = file.storyboard; path = Interface.storyboard; sourceTree = "<group>"; };
		FAAAD0F51A1CB53D00BD2ABA /* Images.xcassets */ = {isa = PBXFileReference; lastKnownFileType = folder.assetcatalog; path = Images.xcassets; sourceTree = "<group>"; };
/* End PBXFileReference section */

/* Begin PBXFrameworksBuildPhase section */
		FAAAD0B01A1CB53500BD2ABA /* Frameworks */ = {
			isa = PBXFrameworksBuildPhase;
			buildActionMask = 2147483647;
			files = (
			);
			runOnlyForDeploymentPostprocessing = 0;
		};
		FAAAD0C51A1CB53500BD2ABA /* Frameworks */ = {
			isa = PBXFrameworksBuildPhase;
			buildActionMask = 2147483647;
			files = (
			);
			runOnlyForDeploymentPostprocessing = 0;
		};
		FAAAD0D91A1CB53D00BD2ABA /* Frameworks */ = {
			isa = PBXFrameworksBuildPhase;
			buildActionMask = 2147483647;
			files = (
				FAAAD0DF1A1CB53D00BD2ABA /* WatchKit.framework in Frameworks */,
			);
			runOnlyForDeploymentPostprocessing = 0;
		};
/* End PBXFrameworksBuildPhase section */

/* Begin PBXGroup section */
		FAAAD0AA1A1CB53500BD2ABA = {
			isa = PBXGroup;
			children = (
				FAAAD0B51A1CB53500BD2ABA /* WatchKitPageDemo */,
				FAAAD0CB1A1CB53500BD2ABA /* WatchKitPageDemoTests */,
				FAAAD0E01A1CB53D00BD2ABA /* WatchKitPageDemo WatchKit Extension */,
				FAAAD0F01A1CB53D00BD2ABA /* WatchKitPageDemo Watch App */,
				FAAAD0DD1A1CB53D00BD2ABA /* Frameworks */,
				FAAAD0B41A1CB53500BD2ABA /* Products */,
			);
			sourceTree = "<group>";
		};
		FAAAD0B41A1CB53500BD2ABA /* Products */ = {
			isa = PBXGroup;
			children = (
				FAAAD0B31A1CB53500BD2ABA /* WatchKitPageDemo.app */,
				FAAAD0C81A1CB53500BD2ABA /* WatchKitPageDemoTests.xctest */,
				FAAAD0DC1A1CB53D00BD2ABA /* WatchKitPageDemo WatchKit Extension.appex */,
				FAAAD0EC1A1CB53D00BD2ABA /* WatchKitPageDemo Watch App.app */,
			);
			name = Products;
			sourceTree = "<group>";
		};
		FAAAD0B51A1CB53500BD2ABA /* WatchKitPageDemo */ = {
			isa = PBXGroup;
			children = (
				FAAAD0B81A1CB53500BD2ABA /* AppDelegate.swift */,
				FAAAD0BA1A1CB53500BD2ABA /* ViewController.swift */,
				FAAAD0BC1A1CB53500BD2ABA /* Main.storyboard */,
				FAAAD0BF1A1CB53500BD2ABA /* Images.xcassets */,
				FAAAD0C11A1CB53500BD2ABA /* LaunchScreen.xib */,
				FAAAD0B61A1CB53500BD2ABA /* Supporting Files */,
			);
			path = WatchKitPageDemo;
			sourceTree = "<group>";
		};
		FAAAD0B61A1CB53500BD2ABA /* Supporting Files */ = {
			isa = PBXGroup;
			children = (
				FAAAD0B71A1CB53500BD2ABA /* Info.plist */,
			);
			name = "Supporting Files";
			sourceTree = "<group>";
		};
		FAAAD0CB1A1CB53500BD2ABA /* WatchKitPageDemoTests */ = {
			isa = PBXGroup;
			children = (
				FAAAD0CE1A1CB53500BD2ABA /* WatchKitPageDemoTests.swift */,
				FAAAD0CC1A1CB53500BD2ABA /* Supporting Files */,
			);
			path = WatchKitPageDemoTests;
			sourceTree = "<group>";
		};
		FAAAD0CC1A1CB53500BD2ABA /* Supporting Files */ = {
			isa = PBXGroup;
			children = (
				FAAAD0CD1A1CB53500BD2ABA /* Info.plist */,
			);
			name = "Supporting Files";
			sourceTree = "<group>";
		};
		FAAAD0DD1A1CB53D00BD2ABA /* Frameworks */ = {
			isa = PBXGroup;
			children = (
				FAAAD0DE1A1CB53D00BD2ABA /* WatchKit.framework */,
			);
			name = Frameworks;
			sourceTree = "<group>";
		};
		FAAAD0E01A1CB53D00BD2ABA /* WatchKitPageDemo WatchKit Extension */ = {
			isa = PBXGroup;
			children = (
				FAAAD0E41A1CB53D00BD2ABA /* InterfaceController.swift */,
				FA2EE1E51A1CB97E00E57EF5 /* BlueInterfaceController.swift */,
				FA2EE1E71A1CB98E00E57EF5 /* RedInterfaceController.swift */,
				FAAAD0E81A1CB53D00BD2ABA /* Images.xcassets */,
				FAAAD0E11A1CB53D00BD2ABA /* Supporting Files */,
			);
			path = "WatchKitPageDemo WatchKit Extension";
			sourceTree = "<group>";
		};
		FAAAD0E11A1CB53D00BD2ABA /* Supporting Files */ = {
			isa = PBXGroup;
			children = (
				FAAAD0E21A1CB53D00BD2ABA /* Info.plist */,
				FAAAD0E31A1CB53D00BD2ABA /* PushNotificationPayload.json */,
			);
			name = "Supporting Files";
			sourceTree = "<group>";
		};
		FAAAD0F01A1CB53D00BD2ABA /* WatchKitPageDemo Watch App */ = {
			isa = PBXGroup;
			children = (
				FAAAD0F31A1CB53D00BD2ABA /* Interface.storyboard */,
				FAAAD0F51A1CB53D00BD2ABA /* Images.xcassets */,
				FAAAD0F11A1CB53D00BD2ABA /* Supporting Files */,
			);
			path = "WatchKitPageDemo Watch App";
			sourceTree = "<group>";
		};
		FAAAD0F11A1CB53D00BD2ABA /* Supporting Files */ = {
			isa = PBXGroup;
			children = (
				FAAAD0F21A1CB53D00BD2ABA /* Info.plist */,
			);
			name = "Supporting Files";
			sourceTree = "<group>";
		};
/* End PBXGroup section */

/* Begin PBXNativeTarget section */
		FAAAD0B21A1CB53500BD2ABA /* WatchKitPageDemo */ = {
			isa = PBXNativeTarget;
			buildConfigurationList = FAAAD0D21A1CB53500BD2ABA /* Build configuration list for PBXNativeTarget "WatchKitPageDemo" */;
			buildPhases = (
				FAAAD0AF1A1CB53500BD2ABA /* Sources */,
				FAAAD0B01A1CB53500BD2ABA /* Frameworks */,
				FAAAD0B11A1CB53500BD2ABA /* Resources */,
				FAAAD1001A1CB53D00BD2ABA /* Embed App Extensions */,
			);
			buildRules = (
			);
			dependencies = (
				FAAAD0F81A1CB53D00BD2ABA /* PBXTargetDependency */,
			);
			name = WatchKitPageDemo;
			productName = WatchKitPageDemo;
			productReference = FAAAD0B31A1CB53500BD2ABA /* WatchKitPageDemo.app */;
			productType = "com.apple.product-type.application";
		};
		FAAAD0C71A1CB53500BD2ABA /* WatchKitPageDemoTests */ = {
			isa = PBXNativeTarget;
			buildConfigurationList = FAAAD0D51A1CB53500BD2ABA /* Build configuration list for PBXNativeTarget "WatchKitPageDemoTests" */;
			buildPhases = (
				FAAAD0C41A1CB53500BD2ABA /* Sources */,
				FAAAD0C51A1CB53500BD2ABA /* Frameworks */,
				FAAAD0C61A1CB53500BD2ABA /* Resources */,
			);
			buildRules = (
			);
			dependencies = (
				FAAAD0CA1A1CB53500BD2ABA /* PBXTargetDependency */,
			);
			name = WatchKitPageDemoTests;
			productName = WatchKitPageDemoTests;
			productReference = FAAAD0C81A1CB53500BD2ABA /* WatchKitPageDemoTests.xctest */;
			productType = "com.apple.product-type.bundle.unit-test";
		};
		FAAAD0DB1A1CB53D00BD2ABA /* WatchKitPageDemo WatchKit Extension */ = {
			isa = PBXNativeTarget;
			buildConfigurationList = FAAAD0FD1A1CB53D00BD2ABA /* Build configuration list for PBXNativeTarget "WatchKitPageDemo WatchKit Extension" */;
			buildPhases = (
				FAAAD0D81A1CB53D00BD2ABA /* Sources */,
				FAAAD0D91A1CB53D00BD2ABA /* Frameworks */,
				FAAAD0DA1A1CB53D00BD2ABA /* Resources */,
			);
			buildRules = (
			);
			dependencies = (
				FAAAD0EF1A1CB53D00BD2ABA /* PBXTargetDependency */,
			);
			name = "WatchKitPageDemo WatchKit Extension";
			productName = "WatchKitPageDemo WatchKit Extension";
			productReference = FAAAD0DC1A1CB53D00BD2ABA /* WatchKitPageDemo WatchKit Extension.appex */;
			productType = "com.apple.product-type.watchkit-extension";
		};
		FAAAD0EB1A1CB53D00BD2ABA /* WatchKitPageDemo Watch App */ = {
			isa = PBXNativeTarget;
			buildConfigurationList = FAAAD0FA1A1CB53D00BD2ABA /* Build configuration list for PBXNativeTarget "WatchKitPageDemo Watch App" */;
			buildPhases = (
				FAAAD0EA1A1CB53D00BD2ABA /* Resources */,
			);
			buildRules = (
			);
			dependencies = (
			);
			name = "WatchKitPageDemo Watch App";
			productName = "WatchKitPageDemo Watch App";
			productReference = FAAAD0EC1A1CB53D00BD2ABA /* WatchKitPageDemo Watch App.app */;
			productType = "com.apple.product-type.application.watchapp";
		};
/* End PBXNativeTarget section */

/* Begin PBXProject section */
		FAAAD0AB1A1CB53500BD2ABA /* Project object */ = {
			isa = PBXProject;
			attributes = {
				LastUpgradeCheck = 0620;
				ORGANIZATIONNAME = NatashaTheRobot;
				TargetAttributes = {
					FAAAD0B21A1CB53500BD2ABA = {
						CreatedOnToolsVersion = 6.2;
					};
					FAAAD0C71A1CB53500BD2ABA = {
						CreatedOnToolsVersion = 6.2;
						TestTargetID = FAAAD0B21A1CB53500BD2ABA;
					};
					FAAAD0DB1A1CB53D00BD2ABA = {
						CreatedOnToolsVersion = 6.2;
					};
					FAAAD0EB1A1CB53D00BD2ABA = {
						CreatedOnToolsVersion = 6.2;
					};
				};
			};
			buildConfigurationList = FAAAD0AE1A1CB53500BD2ABA /* Build configuration list for PBXProject "WatchKitPageDemo" */;
			compatibilityVersion = "Xcode 3.2";
			developmentRegion = English;
			hasScannedForEncodings = 0;
			knownRegions = (
				en,
				Base,
			);
			mainGroup = FAAAD0AA1A1CB53500BD2ABA;
			productRefGroup = FAAAD0B41A1CB53500BD2ABA /* Products */;
			projectDirPath = "";
			projectRoot = "";
			targets = (
				FAAAD0B21A1CB53500BD2ABA /* WatchKitPageDemo */,
				FAAAD0C71A1CB53500BD2ABA /* WatchKitPageDemoTests */,
				FAAAD0DB1A1CB53D00BD2ABA /* WatchKitPageDemo WatchKit Extension */,
				FAAAD0EB1A1CB53D00BD2ABA /* WatchKitPageDemo Watch App */,
			);
		};
/* End PBXProject section */

/* Begin PBXResourcesBuildPhase section */
		FAAAD0B11A1CB53500BD2ABA /* Resources */ = {
			isa = PBXResourcesBuildPhase;
			buildActionMask = 2147483647;
			files = (
				FAAAD0BE1A1CB53500BD2ABA /* Main.storyboard in Resources */,
				FAAAD0C31A1CB53500BD2ABA /* LaunchScreen.xib in Resources */,
				FAAAD0C01A1CB53500BD2ABA /* Images.xcassets in Resources */,
			);
			runOnlyForDeploymentPostprocessing = 0;
		};
		FAAAD0C61A1CB53500BD2ABA /* Resources */ = {
			isa = PBXResourcesBuildPhase;
			buildActionMask = 2147483647;
			files = (
			);
			runOnlyForDeploymentPostprocessing = 0;
		};
		FAAAD0DA1A1CB53D00BD2ABA /* Resources */ = {
			isa = PBXResourcesBuildPhase;
			buildActionMask = 2147483647;
			files = (
				FAAAD0ED1A1CB53D00BD2ABA /* WatchKitPageDemo Watch App.app in Resources */,
				FAAAD0E91A1CB53D00BD2ABA /* Images.xcassets in Resources */,
			);
			runOnlyForDeploymentPostprocessing = 0;
		};
		FAAAD0EA1A1CB53D00BD2ABA /* Resources */ = {
			isa = PBXResourcesBuildPhase;
			buildActionMask = 2147483647;
			files = (
				FAAAD0F41A1CB53D00BD2ABA /* Interface.storyboard in Resources */,
				FAAAD0F61A1CB53D00BD2ABA /* Images.xcassets in Resources */,
			);
			runOnlyForDeploymentPostprocessing = 0;
		};
/* End PBXResourcesBuildPhase section */

/* Begin PBXSourcesBuildPhase section */
		FAAAD0AF1A1CB53500BD2ABA /* Sources */ = {
			isa = PBXSourcesBuildPhase;
			buildActionMask = 2147483647;
			files = (
				FAAAD0BB1A1CB53500BD2ABA /* ViewController.swift in Sources */,
				FAAAD0B91A1CB53500BD2ABA /* AppDelegate.swift in Sources */,
			);
			runOnlyForDeploymentPostprocessing = 0;
		};
		FAAAD0C41A1CB53500BD2ABA /* Sources */ = {
			isa = PBXSourcesBuildPhase;
			buildActionMask = 2147483647;
			files = (
				FAAAD0CF1A1CB53500BD2ABA /* WatchKitPageDemoTests.swift in Sources */,
			);
			runOnlyForDeploymentPostprocessing = 0;
		};
		FAAAD0D81A1CB53D00BD2ABA /* Sources */ = {
			isa = PBXSourcesBuildPhase;
			buildActionMask = 2147483647;
			files = (
				FAAAD0E51A1CB53D00BD2ABA /* InterfaceController.swift in Sources */,
				FA2EE1E61A1CB97E00E57EF5 /* BlueInterfaceController.swift in Sources */,
				FA2EE1E81A1CB98E00E57EF5 /* RedInterfaceController.swift in Sources */,
			);
			runOnlyForDeploymentPostprocessing = 0;
		};
/* End PBXSourcesBuildPhase section */

/* Begin PBXTargetDependency section */
		FAAAD0CA1A1CB53500BD2ABA /* PBXTargetDependency */ = {
			isa = PBXTargetDependency;
			target = FAAAD0B21A1CB53500BD2ABA /* WatchKitPageDemo */;
			targetProxy = FAAAD0C91A1CB53500BD2ABA /* PBXContainerItemProxy */;
		};
		FAAAD0EF1A1CB53D00BD2ABA /* PBXTargetDependency */ = {
			isa = PBXTargetDependency;
			target = FAAAD0EB1A1CB53D00BD2ABA /* WatchKitPageDemo Watch App */;
			targetProxy = FAAAD0EE1A1CB53D00BD2ABA /* PBXContainerItemProxy */;
		};
		FAAAD0F81A1CB53D00BD2ABA /* PBXTargetDependency */ = {
			isa = PBXTargetDependency;
			target = FAAAD0DB1A1CB53D00BD2ABA /* WatchKitPageDemo WatchKit Extension */;
			targetProxy = FAAAD0F71A1CB53D00BD2ABA /* PBXContainerItemProxy */;
		};
/* End PBXTargetDependency section */

/* Begin PBXVariantGroup section */
		FAAAD0BC1A1CB53500BD2ABA /* Main.storyboard */ = {
			isa = PBXVariantGroup;
			children = (
				FAAAD0BD1A1CB53500BD2ABA /* Base */,
			);
			name = Main.storyboard;
			sourceTree = "<group>";
		};
		FAAAD0C11A1CB53500BD2ABA /* LaunchScreen.xib */ = {
			isa = PBXVariantGroup;
			children = (
				FAAAD0C21A1CB53500BD2ABA /* Base */,
			);
			name = LaunchScreen.xib;
			sourceTree = "<group>";
		};
/* End PBXVariantGroup section */

/* Begin XCBuildConfiguration section */
		FAAAD0D01A1CB53500BD2ABA /* Debug */ = {
			isa = XCBuildConfiguration;
			buildSettings = {
				ALWAYS_SEARCH_USER_PATHS = NO;
				CLANG_CXX_LANGUAGE_STANDARD = "gnu++0x";
				CLANG_CXX_LIBRARY = "libc++";
				CLANG_ENABLE_MODULES = YES;
				CLANG_ENABLE_OBJC_ARC = YES;
				CLANG_WARN_BOOL_CONVERSION = YES;
				CLANG_WARN_CONSTANT_CONVERSION = YES;
				CLANG_WARN_DIRECT_OBJC_ISA_USAGE = YES_ERROR;
				CLANG_WARN_EMPTY_BODY = YES;
				CLANG_WARN_ENUM_CONVERSION = YES;
				CLANG_WARN_INT_CONVERSION = YES;
				CLANG_WARN_OBJC_ROOT_CLASS = YES_ERROR;
				CLANG_WARN_UNREACHABLE_CODE = YES;
				CLANG_WARN__DUPLICATE_METHOD_MATCH = YES;
				"CODE_SIGN_IDENTITY[sdk=iphoneos*]" = "iPhone Developer";
				COPY_PHASE_STRIP = NO;
				ENABLE_STRICT_OBJC_MSGSEND = YES;
				GCC_C_LANGUAGE_STANDARD = gnu99;
				GCC_DYNAMIC_NO_PIC = NO;
				GCC_OPTIMIZATION_LEVEL = 0;
				GCC_PREPROCESSOR_DEFINITIONS = (
					"DEBUG=1",
					"$(inherited)",
				);
				GCC_SYMBOLS_PRIVATE_EXTERN = NO;
				GCC_WARN_64_TO_32_BIT_CONVERSION = YES;
				GCC_WARN_ABOUT_RETURN_TYPE = YES_ERROR;
				GCC_WARN_UNDECLARED_SELECTOR = YES;
				GCC_WARN_UNINITIALIZED_AUTOS = YES_AGGRESSIVE;
				GCC_WARN_UNUSED_FUNCTION = YES;
				GCC_WARN_UNUSED_VARIABLE = YES;
				IPHONEOS_DEPLOYMENT_TARGET = 8.2;
				MTL_ENABLE_DEBUG_INFO = YES;
				ONLY_ACTIVE_ARCH = YES;
				SDKROOT = iphoneos;
				SWIFT_OPTIMIZATION_LEVEL = "-Onone";
			};
			name = Debug;
		};
		FAAAD0D11A1CB53500BD2ABA /* Release */ = {
			isa = XCBuildConfiguration;
			buildSettings = {
				ALWAYS_SEARCH_USER_PATHS = NO;
				CLANG_CXX_LANGUAGE_STANDARD = "gnu++0x";
				CLANG_CXX_LIBRARY = "libc++";
				CLANG_ENABLE_MODULES = YES;
				CLANG_ENABLE_OBJC_ARC = YES;
				CLANG_WARN_BOOL_CONVERSION = YES;
				CLANG_WARN_CONSTANT_CONVERSION = YES;
				CLANG_WARN_DIRECT_OBJC_ISA_USAGE = YES_ERROR;
				CLANG_WARN_EMPTY_BODY = YES;
				CLANG_WARN_ENUM_CONVERSION = YES;
				CLANG_WARN_INT_CONVERSION = YES;
				CLANG_WARN_OBJC_ROOT_CLASS = YES_ERROR;
				CLANG_WARN_UNREACHABLE_CODE = YES;
				CLANG_WARN__DUPLICATE_METHOD_MATCH = YES;
				"CODE_SIGN_IDENTITY[sdk=iphoneos*]" = "iPhone Developer";
				COPY_PHASE_STRIP = YES;
				ENABLE_NS_ASSERTIONS = NO;
				ENABLE_STRICT_OBJC_MSGSEND = YES;
				GCC_C_LANGUAGE_STANDARD = gnu99;
				GCC_WARN_64_TO_32_BIT_CONVERSION = YES;
				GCC_WARN_ABOUT_RETURN_TYPE = YES_ERROR;
				GCC_WARN_UNDECLARED_SELECTOR = YES;
				GCC_WARN_UNINITIALIZED_AUTOS = YES_AGGRESSIVE;
				GCC_WARN_UNUSED_FUNCTION = YES;
				GCC_WARN_UNUSED_VARIABLE = YES;
				IPHONEOS_DEPLOYMENT_TARGET = 8.2;
				MTL_ENABLE_DEBUG_INFO = NO;
				SDKROOT = iphoneos;
				VALIDATE_PRODUCT = YES;
			};
			name = Release;
		};
		FAAAD0D31A1CB53500BD2ABA /* Debug */ = {
			isa = XCBuildConfiguration;
			buildSettings = {
				ASSETCATALOG_COMPILER_APPICON_NAME = AppIcon;
				EMBEDDED_CONTENT_CONTAINS_SWIFT = YES;
				INFOPLIST_FILE = WatchKitPageDemo/Info.plist;
				LD_RUNPATH_SEARCH_PATHS = "$(inherited) @executable_path/Frameworks";
				PRODUCT_NAME = "$(TARGET_NAME)";
			};
			name = Debug;
		};
		FAAAD0D41A1CB53500BD2ABA /* Release */ = {
			isa = XCBuildConfiguration;
			buildSettings = {
				ASSETCATALOG_COMPILER_APPICON_NAME = AppIcon;
				EMBEDDED_CONTENT_CONTAINS_SWIFT = YES;
				INFOPLIST_FILE = WatchKitPageDemo/Info.plist;
				LD_RUNPATH_SEARCH_PATHS = "$(inherited) @executable_path/Frameworks";
				PRODUCT_NAME = "$(TARGET_NAME)";
			};
			name = Release;
		};
		FAAAD0D61A1CB53500BD2ABA /* Debug */ = {
			isa = XCBuildConfiguration;
			buildSettings = {
				BUNDLE_LOADER = "$(TEST_HOST)";
				FRAMEWORK_SEARCH_PATHS = (
					"$(SDKROOT)/Developer/Library/Frameworks",
					"$(inherited)",
				);
				GCC_PREPROCESSOR_DEFINITIONS = (
					"DEBUG=1",
					"$(inherited)",
				);
				INFOPLIST_FILE = WatchKitPageDemoTests/Info.plist;
				LD_RUNPATH_SEARCH_PATHS = "$(inherited) @executable_path/Frameworks @loader_path/Frameworks";
				PRODUCT_NAME = "$(TARGET_NAME)";
				TEST_HOST = "$(BUILT_PRODUCTS_DIR)/WatchKitPageDemo.app/WatchKitPageDemo";
			};
			name = Debug;
		};
		FAAAD0D71A1CB53500BD2ABA /* Release */ = {
			isa = XCBuildConfiguration;
			buildSettings = {
				BUNDLE_LOADER = "$(TEST_HOST)";
				FRAMEWORK_SEARCH_PATHS = (
					"$(SDKROOT)/Developer/Library/Frameworks",
					"$(inherited)",
				);
				INFOPLIST_FILE = WatchKitPageDemoTests/Info.plist;
				LD_RUNPATH_SEARCH_PATHS = "$(inherited) @executable_path/Frameworks @loader_path/Frameworks";
				PRODUCT_NAME = "$(TARGET_NAME)";
				TEST_HOST = "$(BUILT_PRODUCTS_DIR)/WatchKitPageDemo.app/WatchKitPageDemo";
			};
			name = Release;
		};
		FAAAD0FB1A1CB53D00BD2ABA /* Debug */ = {
			isa = XCBuildConfiguration;
			buildSettings = {
				ASSETCATALOG_COMPILER_APPICON_NAME = AppIcon;
				ASSETCATALOG_COMPILER_LAUNCHIMAGE_NAME = LaunchImage;
				GCC_PREPROCESSOR_DEFINITIONS = (
					"DEBUG=1",
					"$(inherited)",
				);
				IBSC_MODULE = WatchKitPageDemo_WatchKit_Extension;
				INFOPLIST_FILE = "WatchKitPageDemo Watch App/Info.plist";
				PRODUCT_NAME = "$(TARGET_NAME)";
				SKIP_INSTALL = YES;
				TARGETED_DEVICE_FAMILY = 4;
				"TARGETED_DEVICE_FAMILY[sdk=iphonesimulator*]" = "1,4";
			};
			name = Debug;
		};
		FAAAD0FC1A1CB53D00BD2ABA /* Release */ = {
			isa = XCBuildConfiguration;
			buildSettings = {
				ASSETCATALOG_COMPILER_APPICON_NAME = AppIcon;
				ASSETCATALOG_COMPILER_LAUNCHIMAGE_NAME = LaunchImage;
				IBSC_MODULE = WatchKitPageDemo_WatchKit_Extension;
				INFOPLIST_FILE = "WatchKitPageDemo Watch App/Info.plist";
				PRODUCT_NAME = "$(TARGET_NAME)";
				SKIP_INSTALL = YES;
				TARGETED_DEVICE_FAMILY = 4;
				"TARGETED_DEVICE_FAMILY[sdk=iphonesimulator*]" = "1,4";
			};
			name = Release;
		};
		FAAAD0FE1A1CB53D00BD2ABA /* Debug */ = {
			isa = XCBuildConfiguration;
			buildSettings = {
				GCC_PREPROCESSOR_DEFINITIONS = (
					"DEBUG=1",
					"$(inherited)",
				);
				INFOPLIST_FILE = "WatchKitPageDemo WatchKit Extension/Info.plist";
				LD_RUNPATH_SEARCH_PATHS = "$(inherited) @executable_path/Frameworks @executable_path/../../Frameworks";
				PRODUCT_NAME = "${TARGET_NAME}";
				SKIP_INSTALL = YES;
			};
			name = Debug;
		};
		FAAAD0FF1A1CB53D00BD2ABA /* Release */ = {
			isa = XCBuildConfiguration;
			buildSettings = {
				INFOPLIST_FILE = "WatchKitPageDemo WatchKit Extension/Info.plist";
				LD_RUNPATH_SEARCH_PATHS = "$(inherited) @executable_path/Frameworks @executable_path/../../Frameworks";
				PRODUCT_NAME = "${TARGET_NAME}";
				SKIP_INSTALL = YES;
			};
			name = Release;
		};
/* End XCBuildConfiguration section */

/* Begin XCConfigurationList section */
		FAAAD0AE1A1CB53500BD2ABA /* Build configuration list for PBXProject "WatchKitPageDemo" */ = {
			isa = XCConfigurationList;
			buildConfigurations = (
				FAAAD0D01A1CB53500BD2ABA /* Debug */,
				FAAAD0D11A1CB53500BD2ABA /* Release */,
			);
			defaultConfigurationIsVisible = 0;
			defaultConfigurationName = Release;
		};
		FAAAD0D21A1CB53500BD2ABA /* Build configuration list for PBXNativeTarget "WatchKitPageDemo" */ = {
			isa = XCConfigurationList;
			buildConfigurations = (
				FAAAD0D31A1CB53500BD2ABA /* Debug */,
				FAAAD0D41A1CB53500BD2ABA /* Release */,
			);
			defaultConfigurationIsVisible = 0;
			defaultConfigurationName = Release;
		};
		FAAAD0D51A1CB53500BD2ABA /* Build configuration list for PBXNativeTarget "WatchKitPageDemoTests" */ = {
			isa = XCConfigurationList;
			buildConfigurations = (
				FAAAD0D61A1CB53500BD2ABA /* Debug */,
				FAAAD0D71A1CB53500BD2ABA /* Release */,
			);
			defaultConfigurationIsVisible = 0;
			defaultConfigurationName = Release;
		};
		FAAAD0FA1A1CB53D00BD2ABA /* Build configuration list for PBXNativeTarget "WatchKitPageDemo Watch App" */ = {
			isa = XCConfigurationList;
			buildConfigurations = (
				FAAAD0FB1A1CB53D00BD2ABA /* Debug */,
				FAAAD0FC1A1CB53D00BD2ABA /* Release */,
			);
			defaultConfigurationIsVisible = 0;
			defaultConfigurationName = Release;
		};
		FAAAD0FD1A1CB53D00BD2ABA /* Build configuration list for PBXNativeTarget "WatchKitPageDemo WatchKit Extension" */ = {
			isa = XCConfigurationList;
			buildConfigurations = (
				FAAAD0FE1A1CB53D00BD2ABA /* Debug */,
				FAAAD0FF1A1CB53D00BD2ABA /* Release */,
			);
			defaultConfigurationIsVisible = 0;
			defaultConfigurationName = Release;
		};
/* End XCConfigurationList section */
	};
	rootObject = FAAAD0AB1A1CB53500BD2ABA /* Project object */;
}
